
Microsoft Visual Studio Solution File, Format Version 12.00
# Visual Studio Version 16
VisualStudioVersion = 16.0.29411.108
MinimumVisualStudioVersion = 10.0.40219.1
Project("{9092AA53-FB77-4645-B42D-1CCCA6BD08BD}") = "QuizletRacer", "QuizletRacer\QuizletRacer.njsproj", "{92E8DD43-3AC3-485C-864E-E598421A9F58}"
EndProject
Global
	GlobalSection(SolutionConfigurationPlatforms) = preSolution
		Debug|Any CPU = Debug|Any CPU
		Release|Any CPU = Release|Any CPU
	EndGlobalSection
	GlobalSection(ProjectConfigurationPlatforms) = postSolution
		{92E8DD43-3AC3-485C-864E-E598421A9F58}.Debug|Any CPU.ActiveCfg = Debug|Any CPU
		{92E8DD43-3AC3-485C-864E-E598421A9F58}.Debug|Any CPU.Build.0 = Debug|Any CPU
		{92E8DD43-3AC3-485C-864E-E598421A9F58}.Release|Any CPU.ActiveCfg = Release|Any CPU
		{92E8DD43-3AC3-485C-864E-E598421A9F58}.Release|Any CPU.Build.0 = Release|Any CPU
	EndGlobalSection
	GlobalSection(SolutionProperties) = preSolution
		HideSolutionNode = FALSE
	EndGlobalSection
	GlobalSection(ExtensibilityGlobals) = postSolution
		SolutionGuid = {EE78129D-CCD8-4B21-896C-9483F1F6664D}
	EndGlobalSection
EndGlobal
